
Microsoft Visual Studio Solution File, Format Version 12.00
# Visual Studio Version 17
VisualStudioVersion = 17.11.35303.130
MinimumVisualStudioVersion = 10.0.40219.1
Project("{8BC9CEB8-8B4A-11D0-8D11-00A0C91BC942}") = "task1", "task1.vcxproj", "{CE02AF3B-F50D-456A-A472-98CDA4BD3EB6}"
EndProject
Global
	GlobalSection(SolutionConfigurationPlatforms) = preSolution
		Debug|x64 = Debug|x64
		Debug|x86 = Debug|x86
		Release|x64 = Release|x64
		Release|x86 = Release|x86
	EndGlobalSection
	GlobalSection(ProjectConfigurationPlatforms) = postSolution
		{CE02AF3B-F50D-456A-A472-98CDA4BD3EB6}.Debug|x64.ActiveCfg = Debug|x64
		{CE02AF3B-F50D-456A-A472-98CDA4BD3EB6}.Debug|x64.Build.0 = Debug|x64
		{CE02AF3B-F50D-456A-A472-98CDA4BD3EB6}.Debug|x86.ActiveCfg = Debug|Win32
		{CE02AF3B-F50D-456A-A472-98CDA4BD3EB6}.Debug|x86.Build.0 = Debug|Win32
		{CE02AF3B-F50D-456A-A472-98CDA4BD3EB6}.Release|x64.ActiveCfg = Release|x64
		{CE02AF3B-F50D-456A-A472-98CDA4BD3EB6}.Release|x64.Build.0 = Release|x64
		{CE02AF3B-F50D-456A-A472-98CDA4BD3EB6}.Release|x86.ActiveCfg = Release|Win32
		{CE02AF3B-F50D-456A-A472-98CDA4BD3EB6}.Release|x86.Build.0 = Release|Win32
	EndGlobalSection
	GlobalSection(SolutionProperties) = preSolution
		HideSolutionNode = FALSE
	EndGlobalSection
	GlobalSection(ExtensibilityGlobals) = postSolution
		SolutionGuid = {B7771AEA-6D2B-4756-92BE-6AE7AE304669}
	EndGlobalSection
EndGlobal
