
Microsoft Visual Studio Solution File, Format Version 12.00
# Visual Studio Version 17
VisualStudioVersion = 17.11.35303.130
MinimumVisualStudioVersion = 10.0.40219.1
Project("{8BC9CEB8-8B4A-11D0-8D11-00A0C91BC942}") = "ftest-task1", "ftest-task1.vcxproj", "{2C672F21-0020-4870-A9C2-BC586C8A9C2A}"
EndProject
Project("{8BC9CEB8-8B4A-11D0-8D11-00A0C91BC942}") = "FinalTest_task3", "..\FinalTest_task3\FinalTest_task3.vcxproj", "{5E0F9099-EB82-46AE-AB24-5F33FA075230}"
EndProject
Global
	GlobalSection(SolutionConfigurationPlatforms) = preSolution
		Debug|x64 = Debug|x64
		Debug|x86 = Debug|x86
		Release|x64 = Release|x64
		Release|x86 = Release|x86
	EndGlobalSection
	GlobalSection(ProjectConfigurationPlatforms) = postSolution
		{2C672F21-0020-4870-A9C2-BC586C8A9C2A}.Debug|x64.ActiveCfg = Debug|x64
		{2C672F21-0020-4870-A9C2-BC586C8A9C2A}.Debug|x64.Build.0 = Debug|x64
		{2C672F21-0020-4870-A9C2-BC586C8A9C2A}.Debug|x86.ActiveCfg = Debug|Win32
		{2C672F21-0020-4870-A9C2-BC586C8A9C2A}.Debug|x86.Build.0 = Debug|Win32
		{2C672F21-0020-4870-A9C2-BC586C8A9C2A}.Release|x64.ActiveCfg = Release|x64
		{2C672F21-0020-4870-A9C2-BC586C8A9C2A}.Release|x64.Build.0 = Release|x64
		{2C672F21-0020-4870-A9C2-BC586C8A9C2A}.Release|x86.ActiveCfg = Release|Win32
		{2C672F21-0020-4870-A9C2-BC586C8A9C2A}.Release|x86.Build.0 = Release|Win32
		{5E0F9099-EB82-46AE-AB24-5F33FA075230}.Debug|x64.ActiveCfg = Debug|x64
		{5E0F9099-EB82-46AE-AB24-5F33FA075230}.Debug|x64.Build.0 = Debug|x64
		{5E0F9099-EB82-46AE-AB24-5F33FA075230}.Debug|x86.ActiveCfg = Debug|Win32
		{5E0F9099-EB82-46AE-AB24-5F33FA075230}.Debug|x86.Build.0 = Debug|Win32
		{5E0F9099-EB82-46AE-AB24-5F33FA075230}.Release|x64.ActiveCfg = Release|x64
		{5E0F9099-EB82-46AE-AB24-5F33FA075230}.Release|x64.Build.0 = Release|x64
		{5E0F9099-EB82-46AE-AB24-5F33FA075230}.Release|x86.ActiveCfg = Release|Win32
		{5E0F9099-EB82-46AE-AB24-5F33FA075230}.Release|x86.Build.0 = Release|Win32
	EndGlobalSection
	GlobalSection(SolutionProperties) = preSolution
		HideSolutionNode = FALSE
	EndGlobalSection
	GlobalSection(ExtensibilityGlobals) = postSolution
		SolutionGuid = {5A002F40-2630-477C-BD6B-6A30F2F9671C}
	EndGlobalSection
EndGlobal
